
Microsoft Visual Studio Solution File, Format Version 12.00
# Visual Studio Version 16
VisualStudioVersion = 16.0.30204.135
MinimumVisualStudioVersion = 10.0.40219.1
Project("{FAE04EC0-301F-11D3-BF4B-00C04F79EFBC}") = "WindowsFormsBus", "WindowsFormsBus\WindowsFormsBus.csproj", "{C2E7A2AE-5F33-41AE-8B12-0A361C0A5FAB}"
EndProject
Global
	GlobalSection(SolutionConfigurationPlatforms) = preSolution
		Debug|Any CPU = Debug|Any CPU
		Release|Any CPU = Release|Any CPU
	EndGlobalSection
	GlobalSection(ProjectConfigurationPlatforms) = postSolution
		{C2E7A2AE-5F33-41AE-8B12-0A361C0A5FAB}.Debug|Any CPU.ActiveCfg = Debug|Any CPU
		{C2E7A2AE-5F33-41AE-8B12-0A361C0A5FAB}.Debug|Any CPU.Build.0 = Debug|Any CPU
		{C2E7A2AE-5F33-41AE-8B12-0A361C0A5FAB}.Release|Any CPU.ActiveCfg = Release|Any CPU
		{C2E7A2AE-5F33-41AE-8B12-0A361C0A5FAB}.Release|Any CPU.Build.0 = Release|Any CPU
	EndGlobalSection
	GlobalSection(SolutionProperties) = preSolution
		HideSolutionNode = FALSE
	EndGlobalSection
	GlobalSection(ExtensibilityGlobals) = postSolution
		SolutionGuid = {1191DD68-B160-4E62-BF14-240E50A24C8D}
	EndGlobalSection
EndGlobal
